// !$*UTF8*$!
{
	archiveVersion = 1;
	classes = {
	};
	objectVersion = 56;
	objects = {

/* Begin PBXBuildFile section */
		A124DA74271F6D7C0011F8F0 /* DetailViewController.swift in Sources */ = {isa = PBXBuildFile; fileRef = A124DA73271F6D7C0011F8F0 /* DetailViewController.swift */; };
		A124DA77271F707D0011F8F0 /* DetailImageTableViewCell.swift in Sources */ = {isa = PBXBuildFile; fileRef = A124DA76271F707D0011F8F0 /* DetailImageTableViewCell.swift */; };
		A124DA79271F72050011F8F0 /* DetailPropertiesTableViewCell.swift in Sources */ = {isa = PBXBuildFile; fileRef = A124DA78271F72050011F8F0 /* DetailPropertiesTableViewCell.swift */; };
		A12B813B271E5B7700F4A393 /* AppDelegate.swift in Sources */ = {isa = PBXBuildFile; fileRef = A12B813A271E5B7700F4A393 /* AppDelegate.swift */; };
		A12B813D271E5B7700F4A393 /* SceneDelegate.swift in Sources */ = {isa = PBXBuildFile; fileRef = A12B813C271E5B7700F4A393 /* SceneDelegate.swift */; };
		A12B813F271E5B7700F4A393 /* MainViewController.swift in Sources */ = {isa = PBXBuildFile; fileRef = A12B813E271E5B7700F4A393 /* MainViewController.swift */; };
		A12B8142271E5B7700F4A393 /* Main.storyboard in Resources */ = {isa = PBXBuildFile; fileRef = A12B8140271E5B7700F4A393 /* Main.storyboard */; };
		A12B8144271E5B7C00F4A393 /* Assets.xcassets in Resources */ = {isa = PBXBuildFile; fileRef = A12B8143271E5B7C00F4A393 /* Assets.xcassets */; };
		A12B8147271E5B7C00F4A393 /* LaunchScreen.storyboard in Resources */ = {isa = PBXBuildFile; fileRef = A12B8145271E5B7C00F4A393 /* LaunchScreen.storyboard */; };
		A12B8182271E696200F4A393 /* MainCollectionViewCell.swift in Sources */ = {isa = PBXBuildFile; fileRef = A12B8181271E696200F4A393 /* MainCollectionViewCell.swift */; };
/* End PBXBuildFile section */

/* Begin PBXFileReference section */
		A124DA73271F6D7C0011F8F0 /* DetailViewController.swift */ = {isa = PBXFileReference; lastKnownFileType = sourcecode.swift; path = DetailViewController.swift; sourceTree = "<group>"; };
		A124DA76271F707D0011F8F0 /* DetailImageTableViewCell.swift */ = {isa = PBXFileReference; lastKnownFileType = sourcecode.swift; path = DetailImageTableViewCell.swift; sourceTree = "<group>"; };
		A124DA78271F72050011F8F0 /* DetailPropertiesTableViewCell.swift */ = {isa = PBXFileReference; lastKnownFileType = sourcecode.swift; path = DetailPropertiesTableViewCell.swift; sourceTree = "<group>"; };
		A12B8137271E5B7700F4A393 /* Pokemon.app */ = {isa = PBXFileReference; explicitFileType = wrapper.application; includeInIndex = 0; path = Pokemon.app; sourceTree = BUILT_PRODUCTS_DIR; };
		A12B813A271E5B7700F4A393 /* AppDelegate.swift */ = {isa = PBXFileReference; lastKnownFileType = sourcecode.swift; path = AppDelegate.swift; sourceTree = "<group>"; };
		A12B813C271E5B7700F4A393 /* SceneDelegate.swift */ = {isa = PBXFileReference; lastKnownFileType = sourcecode.swift; path = SceneDelegate.swift; sourceTree = "<group>"; };
		A12B813E271E5B7700F4A393 /* MainViewController.swift */ = {isa = PBXFileReference; lastKnownFileType = sourcecode.swift; path = MainViewController.swift; sourceTree = "<group>"; };
		A12B8141271E5B7700F4A393 /* Base */ = {isa = PBXFileReference; lastKnownFileType = file.storyboard; name = Base; path = Base.lproj/Main.storyboard; sourceTree = "<group>"; };
		A12B8143271E5B7C00F4A393 /* Assets.xcassets */ = {isa = PBXFileReference; lastKnownFileType = folder.assetcatalog; path = Assets.xcassets; sourceTree = "<group>"; };
		A12B8146271E5B7C00F4A393 /* Base */ = {isa = PBXFileReference; lastKnownFileType = file.storyboard; name = Base; path = Base.lproj/LaunchScreen.storyboard; sourceTree = "<group>"; };
		A12B8148271E5B7C00F4A393 /* Info.plist */ = {isa = PBXFileReference; lastKnownFileType = text.plist.xml; path = Info.plist; sourceTree = "<group>"; };
		A12B8181271E696200F4A393 /* MainCollectionViewCell.swift */ = {isa = PBXFileReference; lastKnownFileType = sourcecode.swift; path = MainCollectionViewCell.swift; sourceTree = "<group>"; };
/* End PBXFileReference section */

/* Begin PBXFrameworksBuildPhase section */
		A12B8134271E5B7700F4A393 /* Frameworks */ = {
			isa = PBXFrameworksBuildPhase;
			buildActionMask = 2147483647;
			files = (
			);
			runOnlyForDeploymentPostprocessing = 0;
		};
/* End PBXFrameworksBuildPhase section */

/* Begin PBXGroup section */
		A124DA72271F6D620011F8F0 /* DetailViewController */ = {
			isa = PBXGroup;
			children = (
				A124DA73271F6D7C0011F8F0 /* DetailViewController.swift */,
				A124DA75271F706C0011F8F0 /* Cells */,
			);
			path = DetailViewController;
			sourceTree = "<group>";
		};
		A124DA75271F706C0011F8F0 /* Cells */ = {
			isa = PBXGroup;
			children = (
				A124DA76271F707D0011F8F0 /* DetailImageTableViewCell.swift */,
				A124DA78271F72050011F8F0 /* DetailPropertiesTableViewCell.swift */,
			);
			path = Cells;
			sourceTree = "<group>";
		};
		A12B812E271E5B7700F4A393 = {
			isa = PBXGroup;
			children = (
				A12B8139271E5B7700F4A393 /* Pokemon */,
				A12B8138271E5B7700F4A393 /* Products */,
			);
			sourceTree = "<group>";
		};
		A12B8138271E5B7700F4A393 /* Products */ = {
			isa = PBXGroup;
			children = (
				A12B8137271E5B7700F4A393 /* Pokemon.app */,
			);
			name = Products;
			sourceTree = "<group>";
		};
		A12B8139271E5B7700F4A393 /* Pokemon */ = {
			isa = PBXGroup;
			children = (
				A12B816C271E5C3200F4A393 /* ViewController */,
				F7575D9529C85EF9003EAB05 /* Storyboards */,
				A12B813A271E5B7700F4A393 /* AppDelegate.swift */,
				A12B813C271E5B7700F4A393 /* SceneDelegate.swift */,
				A12B8143271E5B7C00F4A393 /* Assets.xcassets */,
				A12B8148271E5B7C00F4A393 /* Info.plist */,
			);
			path = Pokemon;
			sourceTree = "<group>";
		};
		A12B816C271E5C3200F4A393 /* ViewController */ = {
			isa = PBXGroup;
			children = (
				A12B817F271E692D00F4A393 /* HomeViewControler */,
				A124DA72271F6D620011F8F0 /* DetailViewController */,
			);
			path = ViewController;
			sourceTree = "<group>";
		};
		A12B817F271E692D00F4A393 /* HomeViewControler */ = {
			isa = PBXGroup;
			children = (
				A12B813E271E5B7700F4A393 /* MainViewController.swift */,
				A12B8180271E694100F4A393 /* Cells */,
			);
			path = HomeViewControler;
			sourceTree = "<group>";
		};
		A12B8180271E694100F4A393 /* Cells */ = {
			isa = PBXGroup;
			children = (
				A12B8181271E696200F4A393 /* MainCollectionViewCell.swift */,
			);
			name = Cells;
			sourceTree = "<group>";
		};
		F7575D9529C85EF9003EAB05 /* Storyboards */ = {
			isa = PBXGroup;
			children = (
				A12B8145271E5B7C00F4A393 /* LaunchScreen.storyboard */,
				A12B8140271E5B7700F4A393 /* Main.storyboard */,
			);
			path = Storyboards;
			sourceTree = "<group>";
		};
/* End PBXGroup section */

/* Begin PBXNativeTarget section */
		A12B8136271E5B7700F4A393 /* Pokemon */ = {
			isa = PBXNativeTarget;
			buildConfigurationList = A12B8161271E5B7D00F4A393 /* Build configuration list for PBXNativeTarget "Pokemon" */;
			buildPhases = (
				A12B8133271E5B7700F4A393 /* Sources */,
				A12B8134271E5B7700F4A393 /* Frameworks */,
				A12B8135271E5B7700F4A393 /* Resources */,
			);
			buildRules = (
			);
			dependencies = (
			);
			name = Pokemon;
			productName = Pokemon;
			productReference = A12B8137271E5B7700F4A393 /* Pokemon.app */;
			productType = "com.apple.product-type.application";
		};
/* End PBXNativeTarget section */

/* Begin PBXProject section */
		A12B812F271E5B7700F4A393 /* Project object */ = {
			isa = PBXProject;
			attributes = {
				LastSwiftUpdateCheck = 1250;
				LastUpgradeCheck = 1250;
				TargetAttributes = {
					A12B8136271E5B7700F4A393 = {
						CreatedOnToolsVersion = 12.5.1;
					};
				};
			};
			buildConfigurationList = A12B8132271E5B7700F4A393 /* Build configuration list for PBXProject "Pokemon" */;
			compatibilityVersion = "Xcode 14.0";
			developmentRegion = en;
			hasScannedForEncodings = 0;
			knownRegions = (
				en,
				Base,
			);
			mainGroup = A12B812E271E5B7700F4A393;
			productRefGroup = A12B8138271E5B7700F4A393 /* Products */;
			projectDirPath = "";
			projectRoot = "";
			targets = (
				A12B8136271E5B7700F4A393 /* Pokemon */,
			);
		};
/* End PBXProject section */

/* Begin PBXResourcesBuildPhase section */
		A12B8135271E5B7700F4A393 /* Resources */ = {
			isa = PBXResourcesBuildPhase;
			buildActionMask = 2147483647;
			files = (
				A12B8147271E5B7C00F4A393 /* LaunchScreen.storyboard in Resources */,
				A12B8144271E5B7C00F4A393 /* Assets.xcassets in Resources */,
				A12B8142271E5B7700F4A393 /* Main.storyboard in Resources */,
			);
			runOnlyForDeploymentPostprocessing = 0;
		};
/* End PBXResourcesBuildPhase section */

/* Begin PBXSourcesBuildPhase section */
		A12B8133271E5B7700F4A393 /* Sources */ = {
			isa = PBXSourcesBuildPhase;
			buildActionMask = 2147483647;
			files = (
				A12B813F271E5B7700F4A393 /* MainViewController.swift in Sources */,
				A12B813B271E5B7700F4A393 /* AppDelegate.swift in Sources */,
				A12B813D271E5B7700F4A393 /* SceneDelegate.swift in Sources */,
				A124DA77271F707D0011F8F0 /* DetailImageTableViewCell.swift in Sources */,
				A124DA79271F72050011F8F0 /* DetailPropertiesTableViewCell.swift in Sources */,
				A12B8182271E696200F4A393 /* MainCollectionViewCell.swift in Sources */,
				A124DA74271F6D7C0011F8F0 /* DetailViewController.swift in Sources */,
			);
			runOnlyForDeploymentPostprocessing = 0;
		};
/* End PBXSourcesBuildPhase section */

/* Begin PBXVariantGroup section */
		A12B8140271E5B7700F4A393 /* Main.storyboard */ = {
			isa = PBXVariantGroup;
			children = (
				A12B8141271E5B7700F4A393 /* Base */,
			);
			name = Main.storyboard;
			sourceTree = "<group>";
		};
		A12B8145271E5B7C00F4A393 /* LaunchScreen.storyboard */ = {
			isa = PBXVariantGroup;
			children = (
				A12B8146271E5B7C00F4A393 /* Base */,
			);
			name = LaunchScreen.storyboard;
			sourceTree = "<group>";
		};
/* End PBXVariantGroup section */

/* Begin XCBuildConfiguration section */
		A12B815F271E5B7D00F4A393 /* Debug */ = {
			isa = XCBuildConfiguration;
			buildSettings = {
				ALWAYS_SEARCH_USER_PATHS = NO;
				CLANG_ANALYZER_NONNULL = YES;
				CLANG_ANALYZER_NUMBER_OBJECT_CONVERSION = YES_AGGRESSIVE;
				CLANG_CXX_LANGUAGE_STANDARD = "gnu++14";
				CLANG_CXX_LIBRARY = "libc++";
				CLANG_ENABLE_MODULES = YES;
				CLANG_ENABLE_OBJC_ARC = YES;
				CLANG_ENABLE_OBJC_WEAK = YES;
				CLANG_WARN_BLOCK_CAPTURE_AUTORELEASING = YES;
				CLANG_WARN_BOOL_CONVERSION = YES;
				CLANG_WARN_COMMA = YES;
				CLANG_WARN_CONSTANT_CONVERSION = YES;
				CLANG_WARN_DEPRECATED_OBJC_IMPLEMENTATIONS = YES;
				CLANG_WARN_DIRECT_OBJC_ISA_USAGE = YES_ERROR;
				CLANG_WARN_DOCUMENTATION_COMMENTS = YES;
				CLANG_WARN_EMPTY_BODY = YES;
				CLANG_WARN_ENUM_CONVERSION = YES;
				CLANG_WARN_INFINITE_RECURSION = YES;
				CLANG_WARN_INT_CONVERSION = YES;
				CLANG_WARN_NON_LITERAL_NULL_CONVERSION = YES;
				CLANG_WARN_OBJC_IMPLICIT_RETAIN_SELF = YES;
				CLANG_WARN_OBJC_LITERAL_CONVERSION = YES;
				CLANG_WARN_OBJC_ROOT_CLASS = YES_ERROR;
				CLANG_WARN_QUOTED_INCLUDE_IN_FRAMEWORK_HEADER = YES;
				CLANG_WARN_RANGE_LOOP_ANALYSIS = YES;
				CLANG_WARN_STRICT_PROTOTYPES = YES;
				CLANG_WARN_SUSPICIOUS_MOVE = YES;
				CLANG_WARN_UNGUARDED_AVAILABILITY = YES_AGGRESSIVE;
				CLANG_WARN_UNREACHABLE_CODE = YES;
				CLANG_WARN__DUPLICATE_METHOD_MATCH = YES;
				COPY_PHASE_STRIP = NO;
				DEBUG_INFORMATION_FORMAT = dwarf;
				ENABLE_STRICT_OBJC_MSGSEND = YES;
				ENABLE_TESTABILITY = YES;
				GCC_C_LANGUAGE_STANDARD = gnu11;
				GCC_DYNAMIC_NO_PIC = NO;
				GCC_NO_COMMON_BLOCKS = YES;
				GCC_OPTIMIZATION_LEVEL = 0;
				GCC_PREPROCESSOR_DEFINITIONS = (
					"DEBUG=1",
					"$(inherited)",
				);
				GCC_WARN_64_TO_32_BIT_CONVERSION = YES;
				GCC_WARN_ABOUT_RETURN_TYPE = YES_ERROR;
				GCC_WARN_UNDECLARED_SELECTOR = YES;
				GCC_WARN_UNINITIALIZED_AUTOS = YES_AGGRESSIVE;
				GCC_WARN_UNUSED_FUNCTION = YES;
				GCC_WARN_UNUSED_VARIABLE = YES;
				IPHONEOS_DEPLOYMENT_TARGET = 14.5;
				MTL_ENABLE_DEBUG_INFO = INCLUDE_SOURCE;
				MTL_FAST_MATH = YES;
				ONLY_ACTIVE_ARCH = YES;
				SDKROOT = iphoneos;
				SWIFT_ACTIVE_COMPILATION_CONDITIONS = DEBUG;
				SWIFT_OPTIMIZATION_LEVEL = "-Onone";
			};
			name = Debug;
		};
		A12B8160271E5B7D00F4A393 /* Release */ = {
			isa = XCBuildConfiguration;
			buildSettings = {
				ALWAYS_SEARCH_USER_PATHS = NO;
				CLANG_ANALYZER_NONNULL = YES;
				CLANG_ANALYZER_NUMBER_OBJECT_CONVERSION = YES_AGGRESSIVE;
				CLANG_CXX_LANGUAGE_STANDARD = "gnu++14";
				CLANG_CXX_LIBRARY = "libc++";
				CLANG_ENABLE_MODULES = YES;
				CLANG_ENABLE_OBJC_ARC = YES;
				CLANG_ENABLE_OBJC_WEAK = YES;
				CLANG_WARN_BLOCK_CAPTURE_AUTORELEASING = YES;
				CLANG_WARN_BOOL_CONVERSION = YES;
				CLANG_WARN_COMMA = YES;
				CLANG_WARN_CONSTANT_CONVERSION = YES;
				CLANG_WARN_DEPRECATED_OBJC_IMPLEMENTATIONS = YES;
				CLANG_WARN_DIRECT_OBJC_ISA_USAGE = YES_ERROR;
				CLANG_WARN_DOCUMENTATION_COMMENTS = YES;
				CLANG_WARN_EMPTY_BODY = YES;
				CLANG_WARN_ENUM_CONVERSION = YES;
				CLANG_WARN_INFINITE_RECURSION = YES;
				CLANG_WARN_INT_CONVERSION = YES;
				CLANG_WARN_NON_LITERAL_NULL_CONVERSION = YES;
				CLANG_WARN_OBJC_IMPLICIT_RETAIN_SELF = YES;
				CLANG_WARN_OBJC_LITERAL_CONVERSION = YES;
				CLANG_WARN_OBJC_ROOT_CLASS = YES_ERROR;
				CLANG_WARN_QUOTED_INCLUDE_IN_FRAMEWORK_HEADER = YES;
				CLANG_WARN_RANGE_LOOP_ANALYSIS = YES;
				CLANG_WARN_STRICT_PROTOTYPES = YES;
				CLANG_WARN_SUSPICIOUS_MOVE = YES;
				CLANG_WARN_UNGUARDED_AVAILABILITY = YES_AGGRESSIVE;
				CLANG_WARN_UNREACHABLE_CODE = YES;
				CLANG_WARN__DUPLICATE_METHOD_MATCH = YES;
				COPY_PHASE_STRIP = NO;
				DEBUG_INFORMATION_FORMAT = "dwarf-with-dsym";
				ENABLE_NS_ASSERTIONS = NO;
				ENABLE_STRICT_OBJC_MSGSEND = YES;
				GCC_C_LANGUAGE_STANDARD = gnu11;
				GCC_NO_COMMON_BLOCKS = YES;
				GCC_WARN_64_TO_32_BIT_CONVERSION = YES;
				GCC_WARN_ABOUT_RETURN_TYPE = YES_ERROR;
				GCC_WARN_UNDECLARED_SELECTOR = YES;
				GCC_WARN_UNINITIALIZED_AUTOS = YES_AGGRESSIVE;
				GCC_WARN_UNUSED_FUNCTION = YES;
				GCC_WARN_UNUSED_VARIABLE = YES;
				IPHONEOS_DEPLOYMENT_TARGET = 14.5;
				MTL_ENABLE_DEBUG_INFO = NO;
				MTL_FAST_MATH = YES;
				SDKROOT = iphoneos;
				SWIFT_COMPILATION_MODE = wholemodule;
				SWIFT_OPTIMIZATION_LEVEL = "-O";
				VALIDATE_PRODUCT = YES;
			};
			name = Release;
		};
		A12B8162271E5B7D00F4A393 /* Debug */ = {
			isa = XCBuildConfiguration;
			buildSettings = {
				ASSETCATALOG_COMPILER_APPICON_NAME = AppIcon;
				ASSETCATALOG_COMPILER_GLOBAL_ACCENT_COLOR_NAME = AccentColor;
				CODE_SIGN_STYLE = Automatic;
				DEVELOPMENT_TEAM = G995Z6QQSS;
				INFOPLIST_FILE = Pokemon/Info.plist;
				LD_RUNPATH_SEARCH_PATHS = (
					"$(inherited)",
					"@executable_path/Frameworks",
				);
				PRODUCT_BUNDLE_IDENTIFIER = com.abraaoan.PokemonII;
				PRODUCT_NAME = "$(TARGET_NAME)";
				SWIFT_VERSION = 5.0;
				TARGETED_DEVICE_FAMILY = "1,2";
			};
			name = Debug;
		};
		A12B8163271E5B7D00F4A393 /* Release */ = {
			isa = XCBuildConfiguration;
			buildSettings = {
				ASSETCATALOG_COMPILER_APPICON_NAME = AppIcon;
				ASSETCATALOG_COMPILER_GLOBAL_ACCENT_COLOR_NAME = AccentColor;
				CODE_SIGN_STYLE = Automatic;
				DEVELOPMENT_TEAM = G995Z6QQSS;
				INFOPLIST_FILE = Pokemon/Info.plist;
				LD_RUNPATH_SEARCH_PATHS = (
					"$(inherited)",
					"@executable_path/Frameworks",
				);
				PRODUCT_BUNDLE_IDENTIFIER = com.abraaoan.PokemonII;
				PRODUCT_NAME = "$(TARGET_NAME)";
				SWIFT_VERSION = 5.0;
				TARGETED_DEVICE_FAMILY = "1,2";
			};
			name = Release;
		};
/* End XCBuildConfiguration section */

/* Begin XCConfigurationList section */
		A12B8132271E5B7700F4A393 /* Build configuration list for PBXProject "Pokemon" */ = {
			isa = XCConfigurationList;
			buildConfigurations = (
				A12B815F271E5B7D00F4A393 /* Debug */,
				A12B8160271E5B7D00F4A393 /* Release */,
			);
			defaultConfigurationIsVisible = 0;
			defaultConfigurationName = Release;
		};
		A12B8161271E5B7D00F4A393 /* Build configuration list for PBXNativeTarget "Pokemon" */ = {
			isa = XCConfigurationList;
			buildConfigurations = (
				A12B8162271E5B7D00F4A393 /* Debug */,
				A12B8163271E5B7D00F4A393 /* Release */,
			);
			defaultConfigurationIsVisible = 0;
			defaultConfigurationName = Release;
		};
/* End XCConfigurationList section */
	};
	rootObject = A12B812F271E5B7700F4A393 /* Project object */;
}
